
Microsoft Visual Studio Solution File, Format Version 12.00
# Visual Studio Version 17
VisualStudioVersion = 17.6.33829.357
MinimumVisualStudioVersion = 10.0.40219.1
Project("{9A19103F-16F7-4668-BE54-9A1E7A4F7556}") = "Maersk.Practice.CSharp.ConsoleUI", "Maersk.Practice.CSharp.Console\Maersk.Practice.CSharp.ConsoleUI.csproj", "{7F7333A6-F2E9-4620-BED3-C077B989C4C4}"
EndProject
Project("{FAE04EC0-301F-11D3-BF4B-00C04F79EFBC}") = "Generics", "GenericsPractice\Generics.csproj", "{8A054A1C-323C-4513-8975-59F9E2DDC5EB}"
EndProject
Project("{FAE04EC0-301F-11D3-BF4B-00C04F79EFBC}") = "Delegates", "Maersk.Practice.Delegates.UI\Delegates.csproj", "{F25BA954-0F50-4AA4-A277-9C02B83E9E63}"
EndProject
Project("{FAE04EC0-301F-11D3-BF4B-00C04F79EFBC}") = "AnonymousFunction", "Maersk.Practice.AnonymousFunction.UI\AnonymousFunction.csproj", "{2344CC63-4C42-4146-803A-7006A9AAE547}"
EndProject
Project("{FAE04EC0-301F-11D3-BF4B-00C04F79EFBC}") = "Multithreading", "Maersk.Practice.Multithreading.UI\Multithreading.csproj", "{C266FD57-5A12-43B0-99F4-03E53F316B60}"
EndProject
Project("{FAE04EC0-301F-11D3-BF4B-00C04F79EFBC}") = "ThreadClass", "Maersk.Practice.ThreadClass.UI\ThreadClass.csproj", "{51328B19-B94F-4C44-9F1C-DBDDCA5C519A}"
EndProject
Project("{FAE04EC0-301F-11D3-BF4B-00C04F79EFBC}") = "RetrieveDataThread", "Maersk.Practice.RetrieveDataThread.UI\RetrieveDataThread.csproj", "{9B914A04-51D1-4A4A-9A71-6AF8CA3AF300}"
EndProject
Project("{FAE04EC0-301F-11D3-BF4B-00C04F79EFBC}") = "JoinIsAlive", "Maersk.Practice.Join.IsAlive.UI\JoinIsAlive.csproj", "{CD23BBFF-4493-444E-94E9-D1AE60B65609}"
EndProject
Project("{FAE04EC0-301F-11D3-BF4B-00C04F79EFBC}") = "Synchronization", "Maersk.Practice.Synchronization.UI\Synchronization.csproj", "{51860E5A-80BF-4B0E-B24B-CB1B97F62FFD}"
EndProject
Project("{FAE04EC0-301F-11D3-BF4B-00C04F79EFBC}") = "MonitorTryEnter", "Maersk.Practice.Monitor.TryEnter.UI\MonitorTryEnter.csproj", "{A8209C87-4136-4401-B03B-C9090C31CA85}"
EndProject
Project("{FAE04EC0-301F-11D3-BF4B-00C04F79EFBC}") = "MonitorIsAlivePulse", "Maersk.Practice.MonitorIsAlivePulse.UI\MonitorIsAlivePulse.csproj", "{CB2F28F1-12C2-4B76-8B73-FE565BDB4759}"
EndProject
Project("{FAE04EC0-301F-11D3-BF4B-00C04F79EFBC}") = "MutexProperties", "Maersk.Practice.Mutex.UI\MutexProperties.csproj", "{174BD955-9B9E-4F53-859C-A571FC8380CC}"
EndProject
Project("{FAE04EC0-301F-11D3-BF4B-00C04F79EFBC}") = "SempahoreProperties", "Maersk.Practice.SempahoreProperties.UI\SempahoreProperties.csproj", "{01370F15-8D38-4197-885C-272F0CDEE29E}"
EndProject
Project("{2150E333-8FDC-42A3-9474-1A3956D46DE8}") = "Maersk.Practice.MultithreadingProperties.UI", "Maersk.Practice.MultithreadingProperties.UI", "{AF98529B-FB08-4407-A5B8-A6812CAD47AE}"
EndProject
Project("{2150E333-8FDC-42A3-9474-1A3956D46DE8}") = "Maersk.Practice.CSharpConcepts.UI", "Maersk.Practice.CSharpConcepts.UI", "{E43FA700-6CC4-430F-8F21-F837A1713A46}"
EndProject
Project("{FAE04EC0-301F-11D3-BF4B-00C04F79EFBC}") = "SemaphoreSlimProperties", "SemaphoreSlim\SemaphoreSlimProperties.csproj", "{5D594365-4A1A-4E93-8F84-3BD33665E117}"
EndProject
Project("{FAE04EC0-301F-11D3-BF4B-00C04F79EFBC}") = "DeadlockHandling", "Deadlock\DeadlockHandling.csproj", "{9E524C59-3354-44C2-8423-232DE262CD7C}"
EndProject
Project("{FAE04EC0-301F-11D3-BF4B-00C04F79EFBC}") = "PerformanceTesting", "PerformanceTesting\PerformanceTesting.csproj", "{6FC6F7F7-4E2D-4A72-9918-286DC65E74BF}"
EndProject
Project("{FAE04EC0-301F-11D3-BF4B-00C04F79EFBC}") = "ThreadPool", "ThreadPool\ThreadPool.csproj", "{67BEFB3E-9CCD-45F8-A2E6-D0BF84D6E203}"
EndProject
Project("{FAE04EC0-301F-11D3-BF4B-00C04F79EFBC}") = "ForegroundBackgroundThread", "ForegroundBackgroundThread\ForegroundBackgroundThread.csproj", "{788D13D9-EAC4-403B-8CA6-6C61B82BA6C5}"
EndProject
Project("{FAE04EC0-301F-11D3-BF4B-00C04F79EFBC}") = "AutoResetEventPractice", "AutoResetEventPractice\AutoResetEventPractice.csproj", "{6B5E6C59-15B1-4143-8328-5FF004D3849B}"
EndProject
Project("{FAE04EC0-301F-11D3-BF4B-00C04F79EFBC}") = "ManualResetEventPractice", "ManualResetEventPractice\ManualResetEventPractice.csproj", "{9BE01647-0470-4DC4-B469-D9F971568EB9}"
EndProject
Project("{FAE04EC0-301F-11D3-BF4B-00C04F79EFBC}") = "ThreadLifeCycle", "ThreadLifeCycle\ThreadLifeCycle.csproj", "{C4F0CD63-58B3-43A3-A559-E42EED99FDD5}"
EndProject
Project("{FAE04EC0-301F-11D3-BF4B-00C04F79EFBC}") = "ThreadPriorityPractice", "ThreadPriorityPractice\ThreadPriorityPractice.csproj", "{2B3CF2B7-4F04-43F5-BF28-2B094E5BC9C4}"
EndProject
Project("{FAE04EC0-301F-11D3-BF4B-00C04F79EFBC}") = "ThreadTermination", "ThreadTermination\ThreadTermination.csproj", "{83961ED3-4888-44E4-B053-3E8DB9DED791}"
EndProject
Project("{FAE04EC0-301F-11D3-BF4B-00C04F79EFBC}") = "ThreadInterCommunication", "ThreadInterCommunication\ThreadInterCommunication.csproj", "{393BD9C6-5978-4657-BB16-F097B38870B1}"
EndProject
Project("{FAE04EC0-301F-11D3-BF4B-00C04F79EFBC}") = "DebuggingMultithreadedApplications", "ThreadDebugging\DebuggingMultithreadedApplications.csproj", "{49C7E4D5-7AE6-4DCA-8C4D-49D70996FE4D}"
EndProject
Global
	GlobalSection(SolutionConfigurationPlatforms) = preSolution
		Debug|Any CPU = Debug|Any CPU
		Release|Any CPU = Release|Any CPU
	EndGlobalSection
	GlobalSection(ProjectConfigurationPlatforms) = postSolution
		{7F7333A6-F2E9-4620-BED3-C077B989C4C4}.Debug|Any CPU.ActiveCfg = Debug|Any CPU
		{7F7333A6-F2E9-4620-BED3-C077B989C4C4}.Debug|Any CPU.Build.0 = Debug|Any CPU
		{7F7333A6-F2E9-4620-BED3-C077B989C4C4}.Release|Any CPU.ActiveCfg = Release|Any CPU
		{7F7333A6-F2E9-4620-BED3-C077B989C4C4}.Release|Any CPU.Build.0 = Release|Any CPU
		{8A054A1C-323C-4513-8975-59F9E2DDC5EB}.Debug|Any CPU.ActiveCfg = Debug|Any CPU
		{8A054A1C-323C-4513-8975-59F9E2DDC5EB}.Debug|Any CPU.Build.0 = Debug|Any CPU
		{8A054A1C-323C-4513-8975-59F9E2DDC5EB}.Release|Any CPU.ActiveCfg = Release|Any CPU
		{8A054A1C-323C-4513-8975-59F9E2DDC5EB}.Release|Any CPU.Build.0 = Release|Any CPU
		{F25BA954-0F50-4AA4-A277-9C02B83E9E63}.Debug|Any CPU.ActiveCfg = Debug|Any CPU
		{F25BA954-0F50-4AA4-A277-9C02B83E9E63}.Debug|Any CPU.Build.0 = Debug|Any CPU
		{F25BA954-0F50-4AA4-A277-9C02B83E9E63}.Release|Any CPU.ActiveCfg = Release|Any CPU
		{F25BA954-0F50-4AA4-A277-9C02B83E9E63}.Release|Any CPU.Build.0 = Release|Any CPU
		{2344CC63-4C42-4146-803A-7006A9AAE547}.Debug|Any CPU.ActiveCfg = Debug|Any CPU
		{2344CC63-4C42-4146-803A-7006A9AAE547}.Debug|Any CPU.Build.0 = Debug|Any CPU
		{2344CC63-4C42-4146-803A-7006A9AAE547}.Release|Any CPU.ActiveCfg = Release|Any CPU
		{2344CC63-4C42-4146-803A-7006A9AAE547}.Release|Any CPU.Build.0 = Release|Any CPU
		{C266FD57-5A12-43B0-99F4-03E53F316B60}.Debug|Any CPU.ActiveCfg = Debug|Any CPU
		{C266FD57-5A12-43B0-99F4-03E53F316B60}.Debug|Any CPU.Build.0 = Debug|Any CPU
		{C266FD57-5A12-43B0-99F4-03E53F316B60}.Release|Any CPU.ActiveCfg = Release|Any CPU
		{C266FD57-5A12-43B0-99F4-03E53F316B60}.Release|Any CPU.Build.0 = Release|Any CPU
		{51328B19-B94F-4C44-9F1C-DBDDCA5C519A}.Debug|Any CPU.ActiveCfg = Debug|Any CPU
		{51328B19-B94F-4C44-9F1C-DBDDCA5C519A}.Debug|Any CPU.Build.0 = Debug|Any CPU
		{51328B19-B94F-4C44-9F1C-DBDDCA5C519A}.Release|Any CPU.ActiveCfg = Release|Any CPU
		{51328B19-B94F-4C44-9F1C-DBDDCA5C519A}.Release|Any CPU.Build.0 = Release|Any CPU
		{9B914A04-51D1-4A4A-9A71-6AF8CA3AF300}.Debug|Any CPU.ActiveCfg = Debug|Any CPU
		{9B914A04-51D1-4A4A-9A71-6AF8CA3AF300}.Debug|Any CPU.Build.0 = Debug|Any CPU
		{9B914A04-51D1-4A4A-9A71-6AF8CA3AF300}.Release|Any CPU.ActiveCfg = Release|Any CPU
		{9B914A04-51D1-4A4A-9A71-6AF8CA3AF300}.Release|Any CPU.Build.0 = Release|Any CPU
		{CD23BBFF-4493-444E-94E9-D1AE60B65609}.Debug|Any CPU.ActiveCfg = Debug|Any CPU
		{CD23BBFF-4493-444E-94E9-D1AE60B65609}.Debug|Any CPU.Build.0 = Debug|Any CPU
		{CD23BBFF-4493-444E-94E9-D1AE60B65609}.Release|Any CPU.ActiveCfg = Release|Any CPU
		{CD23BBFF-4493-444E-94E9-D1AE60B65609}.Release|Any CPU.Build.0 = Release|Any CPU
		{51860E5A-80BF-4B0E-B24B-CB1B97F62FFD}.Debug|Any CPU.ActiveCfg = Debug|Any CPU
		{51860E5A-80BF-4B0E-B24B-CB1B97F62FFD}.Debug|Any CPU.Build.0 = Debug|Any CPU
		{51860E5A-80BF-4B0E-B24B-CB1B97F62FFD}.Release|Any CPU.ActiveCfg = Release|Any CPU
		{51860E5A-80BF-4B0E-B24B-CB1B97F62FFD}.Release|Any CPU.Build.0 = Release|Any CPU
		{A8209C87-4136-4401-B03B-C9090C31CA85}.Debug|Any CPU.ActiveCfg = Debug|Any CPU
		{A8209C87-4136-4401-B03B-C9090C31CA85}.Debug|Any CPU.Build.0 = Debug|Any CPU
		{A8209C87-4136-4401-B03B-C9090C31CA85}.Release|Any CPU.ActiveCfg = Release|Any CPU
		{A8209C87-4136-4401-B03B-C9090C31CA85}.Release|Any CPU.Build.0 = Release|Any CPU
		{CB2F28F1-12C2-4B76-8B73-FE565BDB4759}.Debug|Any CPU.ActiveCfg = Debug|Any CPU
		{CB2F28F1-12C2-4B76-8B73-FE565BDB4759}.Debug|Any CPU.Build.0 = Debug|Any CPU
		{CB2F28F1-12C2-4B76-8B73-FE565BDB4759}.Release|Any CPU.ActiveCfg = Release|Any CPU
		{CB2F28F1-12C2-4B76-8B73-FE565BDB4759}.Release|Any CPU.Build.0 = Release|Any CPU
		{174BD955-9B9E-4F53-859C-A571FC8380CC}.Debug|Any CPU.ActiveCfg = Debug|Any CPU
		{174BD955-9B9E-4F53-859C-A571FC8380CC}.Debug|Any CPU.Build.0 = Debug|Any CPU
		{174BD955-9B9E-4F53-859C-A571FC8380CC}.Release|Any CPU.ActiveCfg = Release|Any CPU
		{174BD955-9B9E-4F53-859C-A571FC8380CC}.Release|Any CPU.Build.0 = Release|Any CPU
		{01370F15-8D38-4197-885C-272F0CDEE29E}.Debug|Any CPU.ActiveCfg = Debug|Any CPU
		{01370F15-8D38-4197-885C-272F0CDEE29E}.Debug|Any CPU.Build.0 = Debug|Any CPU
		{01370F15-8D38-4197-885C-272F0CDEE29E}.Release|Any CPU.ActiveCfg = Release|Any CPU
		{01370F15-8D38-4197-885C-272F0CDEE29E}.Release|Any CPU.Build.0 = Release|Any CPU
		{5D594365-4A1A-4E93-8F84-3BD33665E117}.Debug|Any CPU.ActiveCfg = Debug|Any CPU
		{5D594365-4A1A-4E93-8F84-3BD33665E117}.Debug|Any CPU.Build.0 = Debug|Any CPU
		{5D594365-4A1A-4E93-8F84-3BD33665E117}.Release|Any CPU.ActiveCfg = Release|Any CPU
		{5D594365-4A1A-4E93-8F84-3BD33665E117}.Release|Any CPU.Build.0 = Release|Any CPU
		{9E524C59-3354-44C2-8423-232DE262CD7C}.Debug|Any CPU.ActiveCfg = Debug|Any CPU
		{9E524C59-3354-44C2-8423-232DE262CD7C}.Debug|Any CPU.Build.0 = Debug|Any CPU
		{9E524C59-3354-44C2-8423-232DE262CD7C}.Release|Any CPU.ActiveCfg = Release|Any CPU
		{9E524C59-3354-44C2-8423-232DE262CD7C}.Release|Any CPU.Build.0 = Release|Any CPU
		{6FC6F7F7-4E2D-4A72-9918-286DC65E74BF}.Debug|Any CPU.ActiveCfg = Debug|Any CPU
		{6FC6F7F7-4E2D-4A72-9918-286DC65E74BF}.Debug|Any CPU.Build.0 = Debug|Any CPU
		{6FC6F7F7-4E2D-4A72-9918-286DC65E74BF}.Release|Any CPU.ActiveCfg = Release|Any CPU
		{6FC6F7F7-4E2D-4A72-9918-286DC65E74BF}.Release|Any CPU.Build.0 = Release|Any CPU
		{67BEFB3E-9CCD-45F8-A2E6-D0BF84D6E203}.Debug|Any CPU.ActiveCfg = Debug|Any CPU
		{67BEFB3E-9CCD-45F8-A2E6-D0BF84D6E203}.Debug|Any CPU.Build.0 = Debug|Any CPU
		{67BEFB3E-9CCD-45F8-A2E6-D0BF84D6E203}.Release|Any CPU.ActiveCfg = Release|Any CPU
		{67BEFB3E-9CCD-45F8-A2E6-D0BF84D6E203}.Release|Any CPU.Build.0 = Release|Any CPU
		{788D13D9-EAC4-403B-8CA6-6C61B82BA6C5}.Debug|Any CPU.ActiveCfg = Debug|Any CPU
		{788D13D9-EAC4-403B-8CA6-6C61B82BA6C5}.Debug|Any CPU.Build.0 = Debug|Any CPU
		{788D13D9-EAC4-403B-8CA6-6C61B82BA6C5}.Release|Any CPU.ActiveCfg = Release|Any CPU
		{788D13D9-EAC4-403B-8CA6-6C61B82BA6C5}.Release|Any CPU.Build.0 = Release|Any CPU
		{6B5E6C59-15B1-4143-8328-5FF004D3849B}.Debug|Any CPU.ActiveCfg = Debug|Any CPU
		{6B5E6C59-15B1-4143-8328-5FF004D3849B}.Debug|Any CPU.Build.0 = Debug|Any CPU
		{6B5E6C59-15B1-4143-8328-5FF004D3849B}.Release|Any CPU.ActiveCfg = Release|Any CPU
		{6B5E6C59-15B1-4143-8328-5FF004D3849B}.Release|Any CPU.Build.0 = Release|Any CPU
		{9BE01647-0470-4DC4-B469-D9F971568EB9}.Debug|Any CPU.ActiveCfg = Debug|Any CPU
		{9BE01647-0470-4DC4-B469-D9F971568EB9}.Debug|Any CPU.Build.0 = Debug|Any CPU
		{9BE01647-0470-4DC4-B469-D9F971568EB9}.Release|Any CPU.ActiveCfg = Release|Any CPU
		{9BE01647-0470-4DC4-B469-D9F971568EB9}.Release|Any CPU.Build.0 = Release|Any CPU
		{C4F0CD63-58B3-43A3-A559-E42EED99FDD5}.Debug|Any CPU.ActiveCfg = Debug|Any CPU
		{C4F0CD63-58B3-43A3-A559-E42EED99FDD5}.Debug|Any CPU.Build.0 = Debug|Any CPU
		{C4F0CD63-58B3-43A3-A559-E42EED99FDD5}.Release|Any CPU.ActiveCfg = Release|Any CPU
		{C4F0CD63-58B3-43A3-A559-E42EED99FDD5}.Release|Any CPU.Build.0 = Release|Any CPU
		{2B3CF2B7-4F04-43F5-BF28-2B094E5BC9C4}.Debug|Any CPU.ActiveCfg = Debug|Any CPU
		{2B3CF2B7-4F04-43F5-BF28-2B094E5BC9C4}.Debug|Any CPU.Build.0 = Debug|Any CPU
		{2B3CF2B7-4F04-43F5-BF28-2B094E5BC9C4}.Release|Any CPU.ActiveCfg = Release|Any CPU
		{2B3CF2B7-4F04-43F5-BF28-2B094E5BC9C4}.Release|Any CPU.Build.0 = Release|Any CPU
		{83961ED3-4888-44E4-B053-3E8DB9DED791}.Debug|Any CPU.ActiveCfg = Debug|Any CPU
		{83961ED3-4888-44E4-B053-3E8DB9DED791}.Debug|Any CPU.Build.0 = Debug|Any CPU
		{83961ED3-4888-44E4-B053-3E8DB9DED791}.Release|Any CPU.ActiveCfg = Release|Any CPU
		{83961ED3-4888-44E4-B053-3E8DB9DED791}.Release|Any CPU.Build.0 = Release|Any CPU
		{393BD9C6-5978-4657-BB16-F097B38870B1}.Debug|Any CPU.ActiveCfg = Debug|Any CPU
		{393BD9C6-5978-4657-BB16-F097B38870B1}.Debug|Any CPU.Build.0 = Debug|Any CPU
		{393BD9C6-5978-4657-BB16-F097B38870B1}.Release|Any CPU.ActiveCfg = Release|Any CPU
		{393BD9C6-5978-4657-BB16-F097B38870B1}.Release|Any CPU.Build.0 = Release|Any CPU
		{49C7E4D5-7AE6-4DCA-8C4D-49D70996FE4D}.Debug|Any CPU.ActiveCfg = Debug|Any CPU
		{49C7E4D5-7AE6-4DCA-8C4D-49D70996FE4D}.Debug|Any CPU.Build.0 = Debug|Any CPU
		{49C7E4D5-7AE6-4DCA-8C4D-49D70996FE4D}.Release|Any CPU.ActiveCfg = Release|Any CPU
		{49C7E4D5-7AE6-4DCA-8C4D-49D70996FE4D}.Release|Any CPU.Build.0 = Release|Any CPU
	EndGlobalSection
	GlobalSection(SolutionProperties) = preSolution
		HideSolutionNode = FALSE
	EndGlobalSection
	GlobalSection(NestedProjects) = preSolution
		{8A054A1C-323C-4513-8975-59F9E2DDC5EB} = {E43FA700-6CC4-430F-8F21-F837A1713A46}
		{F25BA954-0F50-4AA4-A277-9C02B83E9E63} = {E43FA700-6CC4-430F-8F21-F837A1713A46}
		{2344CC63-4C42-4146-803A-7006A9AAE547} = {E43FA700-6CC4-430F-8F21-F837A1713A46}
		{C266FD57-5A12-43B0-99F4-03E53F316B60} = {AF98529B-FB08-4407-A5B8-A6812CAD47AE}
		{51328B19-B94F-4C44-9F1C-DBDDCA5C519A} = {AF98529B-FB08-4407-A5B8-A6812CAD47AE}
		{9B914A04-51D1-4A4A-9A71-6AF8CA3AF300} = {AF98529B-FB08-4407-A5B8-A6812CAD47AE}
		{CD23BBFF-4493-444E-94E9-D1AE60B65609} = {AF98529B-FB08-4407-A5B8-A6812CAD47AE}
		{51860E5A-80BF-4B0E-B24B-CB1B97F62FFD} = {AF98529B-FB08-4407-A5B8-A6812CAD47AE}
		{A8209C87-4136-4401-B03B-C9090C31CA85} = {AF98529B-FB08-4407-A5B8-A6812CAD47AE}
		{CB2F28F1-12C2-4B76-8B73-FE565BDB4759} = {AF98529B-FB08-4407-A5B8-A6812CAD47AE}
		{174BD955-9B9E-4F53-859C-A571FC8380CC} = {AF98529B-FB08-4407-A5B8-A6812CAD47AE}
		{01370F15-8D38-4197-885C-272F0CDEE29E} = {AF98529B-FB08-4407-A5B8-A6812CAD47AE}
		{5D594365-4A1A-4E93-8F84-3BD33665E117} = {AF98529B-FB08-4407-A5B8-A6812CAD47AE}
		{9E524C59-3354-44C2-8423-232DE262CD7C} = {AF98529B-FB08-4407-A5B8-A6812CAD47AE}
		{6FC6F7F7-4E2D-4A72-9918-286DC65E74BF} = {AF98529B-FB08-4407-A5B8-A6812CAD47AE}
		{67BEFB3E-9CCD-45F8-A2E6-D0BF84D6E203} = {AF98529B-FB08-4407-A5B8-A6812CAD47AE}
		{788D13D9-EAC4-403B-8CA6-6C61B82BA6C5} = {AF98529B-FB08-4407-A5B8-A6812CAD47AE}
		{6B5E6C59-15B1-4143-8328-5FF004D3849B} = {AF98529B-FB08-4407-A5B8-A6812CAD47AE}
		{9BE01647-0470-4DC4-B469-D9F971568EB9} = {AF98529B-FB08-4407-A5B8-A6812CAD47AE}
		{C4F0CD63-58B3-43A3-A559-E42EED99FDD5} = {AF98529B-FB08-4407-A5B8-A6812CAD47AE}
		{2B3CF2B7-4F04-43F5-BF28-2B094E5BC9C4} = {AF98529B-FB08-4407-A5B8-A6812CAD47AE}
		{83961ED3-4888-44E4-B053-3E8DB9DED791} = {AF98529B-FB08-4407-A5B8-A6812CAD47AE}
		{393BD9C6-5978-4657-BB16-F097B38870B1} = {AF98529B-FB08-4407-A5B8-A6812CAD47AE}
		{49C7E4D5-7AE6-4DCA-8C4D-49D70996FE4D} = {AF98529B-FB08-4407-A5B8-A6812CAD47AE}
	EndGlobalSection
	GlobalSection(ExtensibilityGlobals) = postSolution
		SolutionGuid = {8187EFF1-7ADB-44D8-A574-F4A632E1086C}
	EndGlobalSection
EndGlobal
