
Microsoft Visual Studio Solution File, Format Version 12.00
# Visual Studio Version 17
VisualStudioVersion = 17.6.33829.357
MinimumVisualStudioVersion = 10.0.40219.1
Project("{9A19103F-16F7-4668-BE54-9A1E7A4F7556}") = "Maersk.Practice.CSharp.ConsoleUI", "Maersk.Practice.CSharp.Console\Maersk.Practice.CSharp.ConsoleUI.csproj", "{7F7333A6-F2E9-4620-BED3-C077B989C4C4}"
EndProject
Project("{FAE04EC0-301F-11D3-BF4B-00C04F79EFBC}") = "Maersk.Practice.Generics.UI", "GenericsPractice\Maersk.Practice.Generics.UI.csproj", "{8A054A1C-323C-4513-8975-59F9E2DDC5EB}"
EndProject
Project("{FAE04EC0-301F-11D3-BF4B-00C04F79EFBC}") = "Maersk.Practice.Delegates.UI", "Maersk.Practice.Delegates.UI\Maersk.Practice.Delegates.UI.csproj", "{F25BA954-0F50-4AA4-A277-9C02B83E9E63}"
EndProject
Project("{FAE04EC0-301F-11D3-BF4B-00C04F79EFBC}") = "Maersk.Practice.AnonymousFunction.UI", "Maersk.Practice.AnonymousFunction.UI\Maersk.Practice.AnonymousFunction.UI.csproj", "{2344CC63-4C42-4146-803A-7006A9AAE547}"
EndProject
Project("{FAE04EC0-301F-11D3-BF4B-00C04F79EFBC}") = "Maersk.Practice.Multithreading.UI", "Maersk.Practice.Multithreading.UI\Maersk.Practice.Multithreading.UI.csproj", "{C266FD57-5A12-43B0-99F4-03E53F316B60}"
EndProject
Project("{FAE04EC0-301F-11D3-BF4B-00C04F79EFBC}") = "Maersk.Practice.ThreadClass.UI", "Maersk.Practice.ThreadClass.UI\Maersk.Practice.ThreadClass.UI.csproj", "{51328B19-B94F-4C44-9F1C-DBDDCA5C519A}"
EndProject
Project("{FAE04EC0-301F-11D3-BF4B-00C04F79EFBC}") = "Maersk.Practice.RetrieveDataThread.UI", "Maersk.Practice.RetrieveDataThread.UI\Maersk.Practice.RetrieveDataThread.UI.csproj", "{9B914A04-51D1-4A4A-9A71-6AF8CA3AF300}"
EndProject
Project("{FAE04EC0-301F-11D3-BF4B-00C04F79EFBC}") = "Maersk.Practice.Join.IsAlive.UI", "Maersk.Practice.Join.IsAlive.UI\Maersk.Practice.Join.IsAlive.UI.csproj", "{CD23BBFF-4493-444E-94E9-D1AE60B65609}"
EndProject
Project("{FAE04EC0-301F-11D3-BF4B-00C04F79EFBC}") = "Maersk.Practice.Synchronization.UI", "Maersk.Practice.Synchronization.UI\Maersk.Practice.Synchronization.UI.csproj", "{51860E5A-80BF-4B0E-B24B-CB1B97F62FFD}"
EndProject
Project("{FAE04EC0-301F-11D3-BF4B-00C04F79EFBC}") = "Maersk.Practice.MonitorTryEnter.UI", "Maersk.Practice.Monitor.TryEnter.UI\Maersk.Practice.MonitorTryEnter.UI.csproj", "{A8209C87-4136-4401-B03B-C9090C31CA85}"
EndProject
Project("{FAE04EC0-301F-11D3-BF4B-00C04F79EFBC}") = "Maersk.Practice.MonitorIsAlivePulse.UI", "Maersk.Practice.MonitorIsAlivePulse.UI\Maersk.Practice.MonitorIsAlivePulse.UI.csproj", "{CB2F28F1-12C2-4B76-8B73-FE565BDB4759}"
EndProject
Project("{FAE04EC0-301F-11D3-BF4B-00C04F79EFBC}") = "Maersk.Practice.MutexProperties.UI", "Maersk.Practice.Mutex.UI\Maersk.Practice.MutexProperties.UI.csproj", "{174BD955-9B9E-4F53-859C-A571FC8380CC}"
EndProject
Global
	GlobalSection(SolutionConfigurationPlatforms) = preSolution
		Debug|Any CPU = Debug|Any CPU
		Release|Any CPU = Release|Any CPU
	EndGlobalSection
	GlobalSection(ProjectConfigurationPlatforms) = postSolution
		{7F7333A6-F2E9-4620-BED3-C077B989C4C4}.Debug|Any CPU.ActiveCfg = Debug|Any CPU
		{7F7333A6-F2E9-4620-BED3-C077B989C4C4}.Debug|Any CPU.Build.0 = Debug|Any CPU
		{7F7333A6-F2E9-4620-BED3-C077B989C4C4}.Release|Any CPU.ActiveCfg = Release|Any CPU
		{7F7333A6-F2E9-4620-BED3-C077B989C4C4}.Release|Any CPU.Build.0 = Release|Any CPU
		{8A054A1C-323C-4513-8975-59F9E2DDC5EB}.Debug|Any CPU.ActiveCfg = Debug|Any CPU
		{8A054A1C-323C-4513-8975-59F9E2DDC5EB}.Debug|Any CPU.Build.0 = Debug|Any CPU
		{8A054A1C-323C-4513-8975-59F9E2DDC5EB}.Release|Any CPU.ActiveCfg = Release|Any CPU
		{8A054A1C-323C-4513-8975-59F9E2DDC5EB}.Release|Any CPU.Build.0 = Release|Any CPU
		{F25BA954-0F50-4AA4-A277-9C02B83E9E63}.Debug|Any CPU.ActiveCfg = Debug|Any CPU
		{F25BA954-0F50-4AA4-A277-9C02B83E9E63}.Debug|Any CPU.Build.0 = Debug|Any CPU
		{F25BA954-0F50-4AA4-A277-9C02B83E9E63}.Release|Any CPU.ActiveCfg = Release|Any CPU
		{F25BA954-0F50-4AA4-A277-9C02B83E9E63}.Release|Any CPU.Build.0 = Release|Any CPU
		{2344CC63-4C42-4146-803A-7006A9AAE547}.Debug|Any CPU.ActiveCfg = Debug|Any CPU
		{2344CC63-4C42-4146-803A-7006A9AAE547}.Debug|Any CPU.Build.0 = Debug|Any CPU
		{2344CC63-4C42-4146-803A-7006A9AAE547}.Release|Any CPU.ActiveCfg = Release|Any CPU
		{2344CC63-4C42-4146-803A-7006A9AAE547}.Release|Any CPU.Build.0 = Release|Any CPU
		{C266FD57-5A12-43B0-99F4-03E53F316B60}.Debug|Any CPU.ActiveCfg = Debug|Any CPU
		{C266FD57-5A12-43B0-99F4-03E53F316B60}.Debug|Any CPU.Build.0 = Debug|Any CPU
		{C266FD57-5A12-43B0-99F4-03E53F316B60}.Release|Any CPU.ActiveCfg = Release|Any CPU
		{C266FD57-5A12-43B0-99F4-03E53F316B60}.Release|Any CPU.Build.0 = Release|Any CPU
		{51328B19-B94F-4C44-9F1C-DBDDCA5C519A}.Debug|Any CPU.ActiveCfg = Debug|Any CPU
		{51328B19-B94F-4C44-9F1C-DBDDCA5C519A}.Debug|Any CPU.Build.0 = Debug|Any CPU
		{51328B19-B94F-4C44-9F1C-DBDDCA5C519A}.Release|Any CPU.ActiveCfg = Release|Any CPU
		{51328B19-B94F-4C44-9F1C-DBDDCA5C519A}.Release|Any CPU.Build.0 = Release|Any CPU
		{9B914A04-51D1-4A4A-9A71-6AF8CA3AF300}.Debug|Any CPU.ActiveCfg = Debug|Any CPU
		{9B914A04-51D1-4A4A-9A71-6AF8CA3AF300}.Debug|Any CPU.Build.0 = Debug|Any CPU
		{9B914A04-51D1-4A4A-9A71-6AF8CA3AF300}.Release|Any CPU.ActiveCfg = Release|Any CPU
		{9B914A04-51D1-4A4A-9A71-6AF8CA3AF300}.Release|Any CPU.Build.0 = Release|Any CPU
		{CD23BBFF-4493-444E-94E9-D1AE60B65609}.Debug|Any CPU.ActiveCfg = Debug|Any CPU
		{CD23BBFF-4493-444E-94E9-D1AE60B65609}.Debug|Any CPU.Build.0 = Debug|Any CPU
		{CD23BBFF-4493-444E-94E9-D1AE60B65609}.Release|Any CPU.ActiveCfg = Release|Any CPU
		{CD23BBFF-4493-444E-94E9-D1AE60B65609}.Release|Any CPU.Build.0 = Release|Any CPU
		{51860E5A-80BF-4B0E-B24B-CB1B97F62FFD}.Debug|Any CPU.ActiveCfg = Debug|Any CPU
		{51860E5A-80BF-4B0E-B24B-CB1B97F62FFD}.Debug|Any CPU.Build.0 = Debug|Any CPU
		{51860E5A-80BF-4B0E-B24B-CB1B97F62FFD}.Release|Any CPU.ActiveCfg = Release|Any CPU
		{51860E5A-80BF-4B0E-B24B-CB1B97F62FFD}.Release|Any CPU.Build.0 = Release|Any CPU
		{A8209C87-4136-4401-B03B-C9090C31CA85}.Debug|Any CPU.ActiveCfg = Debug|Any CPU
		{A8209C87-4136-4401-B03B-C9090C31CA85}.Debug|Any CPU.Build.0 = Debug|Any CPU
		{A8209C87-4136-4401-B03B-C9090C31CA85}.Release|Any CPU.ActiveCfg = Release|Any CPU
		{A8209C87-4136-4401-B03B-C9090C31CA85}.Release|Any CPU.Build.0 = Release|Any CPU
		{CB2F28F1-12C2-4B76-8B73-FE565BDB4759}.Debug|Any CPU.ActiveCfg = Debug|Any CPU
		{CB2F28F1-12C2-4B76-8B73-FE565BDB4759}.Debug|Any CPU.Build.0 = Debug|Any CPU
		{CB2F28F1-12C2-4B76-8B73-FE565BDB4759}.Release|Any CPU.ActiveCfg = Release|Any CPU
		{CB2F28F1-12C2-4B76-8B73-FE565BDB4759}.Release|Any CPU.Build.0 = Release|Any CPU
		{174BD955-9B9E-4F53-859C-A571FC8380CC}.Debug|Any CPU.ActiveCfg = Debug|Any CPU
		{174BD955-9B9E-4F53-859C-A571FC8380CC}.Debug|Any CPU.Build.0 = Debug|Any CPU
		{174BD955-9B9E-4F53-859C-A571FC8380CC}.Release|Any CPU.ActiveCfg = Release|Any CPU
		{174BD955-9B9E-4F53-859C-A571FC8380CC}.Release|Any CPU.Build.0 = Release|Any CPU
	EndGlobalSection
	GlobalSection(SolutionProperties) = preSolution
		HideSolutionNode = FALSE
	EndGlobalSection
	GlobalSection(ExtensibilityGlobals) = postSolution
		SolutionGuid = {8187EFF1-7ADB-44D8-A574-F4A632E1086C}
	EndGlobalSection
EndGlobal
